
Microsoft Visual Studio Solution File, Format Version 12.00
# Visual Studio 15
VisualStudioVersion = 15.0.28307.168
MinimumVisualStudioVersion = 10.0.40219.1
Project("{FAE04EC0-301F-11D3-BF4B-00C04F79EFBC}") = "ibcon", "ibcon\ibcon.csproj", "{4FFEFE9A-A1BB-48CE-A9A6-F2BE71923910}"
EndProject
Global
	GlobalSection(SolutionConfigurationPlatforms) = preSolution
		Debug|Any CPU = Debug|Any CPU
		Release|Any CPU = Release|Any CPU
	EndGlobalSection
	GlobalSection(ProjectConfigurationPlatforms) = postSolution
		{4FFEFE9A-A1BB-48CE-A9A6-F2BE71923910}.Debug|Any CPU.ActiveCfg = Debug|Any CPU
		{4FFEFE9A-A1BB-48CE-A9A6-F2BE71923910}.Debug|Any CPU.Build.0 = Debug|Any CPU
		{4FFEFE9A-A1BB-48CE-A9A6-F2BE71923910}.Release|Any CPU.ActiveCfg = Release|Any CPU
		{4FFEFE9A-A1BB-48CE-A9A6-F2BE71923910}.Release|Any CPU.Build.0 = Release|Any CPU
	EndGlobalSection
	GlobalSection(SolutionProperties) = preSolution
		HideSolutionNode = FALSE
	EndGlobalSection
	GlobalSection(ExtensibilityGlobals) = postSolution
		SolutionGuid = {A07B918F-FBFA-4504-BDB6-7404D2134F32}
	EndGlobalSection
EndGlobal
